
Microsoft Visual Studio Solution File, Format Version 12.00
# Visual Studio 15
VisualStudioVersion = 15.0.28010.2046
MinimumVisualStudioVersion = 10.0.40219.1
Project("{8BC9CEB8-8B4A-11D0-8D11-00A0C91BC942}") = "165. Compare Version Numbers", "165. Compare Version Numbers\165. Compare Version Numbers.vcxproj", "{D36802A3-B3EB-4B1B-9677-A8726EB57DC7}"
EndProject
Global
	GlobalSection(SolutionConfigurationPlatforms) = preSolution
		Debug|x64 = Debug|x64
		Debug|x86 = Debug|x86
		Release|x64 = Release|x64
		Release|x86 = Release|x86
	EndGlobalSection
	GlobalSection(ProjectConfigurationPlatforms) = postSolution
		{D36802A3-B3EB-4B1B-9677-A8726EB57DC7}.Debug|x64.ActiveCfg = Debug|x64
		{D36802A3-B3EB-4B1B-9677-A8726EB57DC7}.Debug|x64.Build.0 = Debug|x64
		{D36802A3-B3EB-4B1B-9677-A8726EB57DC7}.Debug|x86.ActiveCfg = Debug|Win32
		{D36802A3-B3EB-4B1B-9677-A8726EB57DC7}.Debug|x86.Build.0 = Debug|Win32
		{D36802A3-B3EB-4B1B-9677-A8726EB57DC7}.Release|x64.ActiveCfg = Release|x64
		{D36802A3-B3EB-4B1B-9677-A8726EB57DC7}.Release|x64.Build.0 = Release|x64
		{D36802A3-B3EB-4B1B-9677-A8726EB57DC7}.Release|x86.ActiveCfg = Release|Win32
		{D36802A3-B3EB-4B1B-9677-A8726EB57DC7}.Release|x86.Build.0 = Release|Win32
	EndGlobalSection
	GlobalSection(SolutionProperties) = preSolution
		HideSolutionNode = FALSE
	EndGlobalSection
	GlobalSection(ExtensibilityGlobals) = postSolution
		SolutionGuid = {4011E5C0-F185-4746-A636-ADB08D1D9D65}
	EndGlobalSection
EndGlobal
