
Microsoft Visual Studio Solution File, Format Version 12.00
# Visual Studio 15
VisualStudioVersion = 15.0.28010.2046
MinimumVisualStudioVersion = 10.0.40219.1
Project("{8BC9CEB8-8B4A-11D0-8D11-00A0C91BC942}") = "189. Rotate Array", "189. Rotate Array\189. Rotate Array.vcxproj", "{4DECEE04-646E-46AB-AA98-46B2DBC87133}"
EndProject
Global
	GlobalSection(SolutionConfigurationPlatforms) = preSolution
		Debug|x64 = Debug|x64
		Debug|x86 = Debug|x86
		Release|x64 = Release|x64
		Release|x86 = Release|x86
	EndGlobalSection
	GlobalSection(ProjectConfigurationPlatforms) = postSolution
		{4DECEE04-646E-46AB-AA98-46B2DBC87133}.Debug|x64.ActiveCfg = Debug|x64
		{4DECEE04-646E-46AB-AA98-46B2DBC87133}.Debug|x64.Build.0 = Debug|x64
		{4DECEE04-646E-46AB-AA98-46B2DBC87133}.Debug|x86.ActiveCfg = Debug|Win32
		{4DECEE04-646E-46AB-AA98-46B2DBC87133}.Debug|x86.Build.0 = Debug|Win32
		{4DECEE04-646E-46AB-AA98-46B2DBC87133}.Release|x64.ActiveCfg = Release|x64
		{4DECEE04-646E-46AB-AA98-46B2DBC87133}.Release|x64.Build.0 = Release|x64
		{4DECEE04-646E-46AB-AA98-46B2DBC87133}.Release|x86.ActiveCfg = Release|Win32
		{4DECEE04-646E-46AB-AA98-46B2DBC87133}.Release|x86.Build.0 = Release|Win32
	EndGlobalSection
	GlobalSection(SolutionProperties) = preSolution
		HideSolutionNode = FALSE
	EndGlobalSection
	GlobalSection(ExtensibilityGlobals) = postSolution
		SolutionGuid = {B8048BD9-5010-4527-8845-C4E19AC1344F}
	EndGlobalSection
EndGlobal
