
Microsoft Visual Studio Solution File, Format Version 12.00
# Visual Studio 15
VisualStudioVersion = 15.0.28010.2046
MinimumVisualStudioVersion = 10.0.40219.1
Project("{8BC9CEB8-8B4A-11D0-8D11-00A0C91BC942}") = "155. Min Stack", "155. Min Stack\155. Min Stack.vcxproj", "{82646B97-2785-4156-8193-E1ED60D3EB48}"
EndProject
Global
	GlobalSection(SolutionConfigurationPlatforms) = preSolution
		Debug|x64 = Debug|x64
		Debug|x86 = Debug|x86
		Release|x64 = Release|x64
		Release|x86 = Release|x86
	EndGlobalSection
	GlobalSection(ProjectConfigurationPlatforms) = postSolution
		{82646B97-2785-4156-8193-E1ED60D3EB48}.Debug|x64.ActiveCfg = Debug|x64
		{82646B97-2785-4156-8193-E1ED60D3EB48}.Debug|x64.Build.0 = Debug|x64
		{82646B97-2785-4156-8193-E1ED60D3EB48}.Debug|x86.ActiveCfg = Debug|Win32
		{82646B97-2785-4156-8193-E1ED60D3EB48}.Debug|x86.Build.0 = Debug|Win32
		{82646B97-2785-4156-8193-E1ED60D3EB48}.Release|x64.ActiveCfg = Release|x64
		{82646B97-2785-4156-8193-E1ED60D3EB48}.Release|x64.Build.0 = Release|x64
		{82646B97-2785-4156-8193-E1ED60D3EB48}.Release|x86.ActiveCfg = Release|Win32
		{82646B97-2785-4156-8193-E1ED60D3EB48}.Release|x86.Build.0 = Release|Win32
	EndGlobalSection
	GlobalSection(SolutionProperties) = preSolution
		HideSolutionNode = FALSE
	EndGlobalSection
	GlobalSection(ExtensibilityGlobals) = postSolution
		SolutionGuid = {9ECA4F52-CE5D-47C4-97A0-3FAE900D03E9}
	EndGlobalSection
EndGlobal
