
Microsoft Visual Studio Solution File, Format Version 12.00
# Visual Studio 15
VisualStudioVersion = 15.0.28010.2046
MinimumVisualStudioVersion = 10.0.40219.1
Project("{8BC9CEB8-8B4A-11D0-8D11-00A0C91BC942}") = "120. Triangle", "120. Triangle\120. Triangle.vcxproj", "{32E75FA1-0374-4C55-AA39-0AFD75ED30FA}"
EndProject
Global
	GlobalSection(SolutionConfigurationPlatforms) = preSolution
		Debug|x64 = Debug|x64
		Debug|x86 = Debug|x86
		Release|x64 = Release|x64
		Release|x86 = Release|x86
	EndGlobalSection
	GlobalSection(ProjectConfigurationPlatforms) = postSolution
		{32E75FA1-0374-4C55-AA39-0AFD75ED30FA}.Debug|x64.ActiveCfg = Debug|x64
		{32E75FA1-0374-4C55-AA39-0AFD75ED30FA}.Debug|x64.Build.0 = Debug|x64
		{32E75FA1-0374-4C55-AA39-0AFD75ED30FA}.Debug|x86.ActiveCfg = Debug|Win32
		{32E75FA1-0374-4C55-AA39-0AFD75ED30FA}.Debug|x86.Build.0 = Debug|Win32
		{32E75FA1-0374-4C55-AA39-0AFD75ED30FA}.Release|x64.ActiveCfg = Release|x64
		{32E75FA1-0374-4C55-AA39-0AFD75ED30FA}.Release|x64.Build.0 = Release|x64
		{32E75FA1-0374-4C55-AA39-0AFD75ED30FA}.Release|x86.ActiveCfg = Release|Win32
		{32E75FA1-0374-4C55-AA39-0AFD75ED30FA}.Release|x86.Build.0 = Release|Win32
	EndGlobalSection
	GlobalSection(SolutionProperties) = preSolution
		HideSolutionNode = FALSE
	EndGlobalSection
	GlobalSection(ExtensibilityGlobals) = postSolution
		SolutionGuid = {F9D08DA5-AB9C-408D-B2A6-F885227D0A67}
	EndGlobalSection
EndGlobal
