
Microsoft Visual Studio Solution File, Format Version 12.00
# Visual Studio 15
VisualStudioVersion = 15.0.28010.2046
MinimumVisualStudioVersion = 10.0.40219.1
Project("{8BC9CEB8-8B4A-11D0-8D11-00A0C91BC942}") = "118. Pascal's Triangle", "118. Pascal's Triangle\118. Pascal's Triangle.vcxproj", "{7FFE7D03-87EF-491D-B73D-C7ACC230E6F3}"
EndProject
Global
	GlobalSection(SolutionConfigurationPlatforms) = preSolution
		Debug|x64 = Debug|x64
		Debug|x86 = Debug|x86
		Release|x64 = Release|x64
		Release|x86 = Release|x86
	EndGlobalSection
	GlobalSection(ProjectConfigurationPlatforms) = postSolution
		{7FFE7D03-87EF-491D-B73D-C7ACC230E6F3}.Debug|x64.ActiveCfg = Debug|x64
		{7FFE7D03-87EF-491D-B73D-C7ACC230E6F3}.Debug|x64.Build.0 = Debug|x64
		{7FFE7D03-87EF-491D-B73D-C7ACC230E6F3}.Debug|x86.ActiveCfg = Debug|Win32
		{7FFE7D03-87EF-491D-B73D-C7ACC230E6F3}.Debug|x86.Build.0 = Debug|Win32
		{7FFE7D03-87EF-491D-B73D-C7ACC230E6F3}.Release|x64.ActiveCfg = Release|x64
		{7FFE7D03-87EF-491D-B73D-C7ACC230E6F3}.Release|x64.Build.0 = Release|x64
		{7FFE7D03-87EF-491D-B73D-C7ACC230E6F3}.Release|x86.ActiveCfg = Release|Win32
		{7FFE7D03-87EF-491D-B73D-C7ACC230E6F3}.Release|x86.Build.0 = Release|Win32
	EndGlobalSection
	GlobalSection(SolutionProperties) = preSolution
		HideSolutionNode = FALSE
	EndGlobalSection
	GlobalSection(ExtensibilityGlobals) = postSolution
		SolutionGuid = {A8EC560A-FE56-4E5C-A1A3-70CFD4A47EA3}
	EndGlobalSection
EndGlobal
