
Microsoft Visual Studio Solution File, Format Version 12.00
# Visual Studio 15
VisualStudioVersion = 15.0.28010.2046
MinimumVisualStudioVersion = 10.0.40219.1
Project("{8BC9CEB8-8B4A-11D0-8D11-00A0C91BC942}") = "8. String to Integer (atoi)", "8. String to Integer (atoi)\8. String to Integer (atoi).vcxproj", "{E5911F51-B633-4F7D-8DD0-E90816E4C471}"
EndProject
Global
	GlobalSection(SolutionConfigurationPlatforms) = preSolution
		Debug|x64 = Debug|x64
		Debug|x86 = Debug|x86
		Release|x64 = Release|x64
		Release|x86 = Release|x86
	EndGlobalSection
	GlobalSection(ProjectConfigurationPlatforms) = postSolution
		{E5911F51-B633-4F7D-8DD0-E90816E4C471}.Debug|x64.ActiveCfg = Debug|x64
		{E5911F51-B633-4F7D-8DD0-E90816E4C471}.Debug|x64.Build.0 = Debug|x64
		{E5911F51-B633-4F7D-8DD0-E90816E4C471}.Debug|x86.ActiveCfg = Debug|Win32
		{E5911F51-B633-4F7D-8DD0-E90816E4C471}.Debug|x86.Build.0 = Debug|Win32
		{E5911F51-B633-4F7D-8DD0-E90816E4C471}.Release|x64.ActiveCfg = Release|x64
		{E5911F51-B633-4F7D-8DD0-E90816E4C471}.Release|x64.Build.0 = Release|x64
		{E5911F51-B633-4F7D-8DD0-E90816E4C471}.Release|x86.ActiveCfg = Release|Win32
		{E5911F51-B633-4F7D-8DD0-E90816E4C471}.Release|x86.Build.0 = Release|Win32
	EndGlobalSection
	GlobalSection(SolutionProperties) = preSolution
		HideSolutionNode = FALSE
	EndGlobalSection
	GlobalSection(ExtensibilityGlobals) = postSolution
		SolutionGuid = {F498E516-51CC-4032-A824-53E6D882F913}
	EndGlobalSection
EndGlobal
