
Microsoft Visual Studio Solution File, Format Version 12.00
# Visual Studio 15
VisualStudioVersion = 15.0.28010.2046
MinimumVisualStudioVersion = 10.0.40219.1
Project("{8BC9CEB8-8B4A-11D0-8D11-00A0C91BC942}") = "90. Subsets II", "90. Subsets II\90. Subsets II.vcxproj", "{7326483E-1654-4BC0-92D7-497B499BE022}"
EndProject
Global
	GlobalSection(SolutionConfigurationPlatforms) = preSolution
		Debug|x64 = Debug|x64
		Debug|x86 = Debug|x86
		Release|x64 = Release|x64
		Release|x86 = Release|x86
	EndGlobalSection
	GlobalSection(ProjectConfigurationPlatforms) = postSolution
		{7326483E-1654-4BC0-92D7-497B499BE022}.Debug|x64.ActiveCfg = Debug|x64
		{7326483E-1654-4BC0-92D7-497B499BE022}.Debug|x64.Build.0 = Debug|x64
		{7326483E-1654-4BC0-92D7-497B499BE022}.Debug|x86.ActiveCfg = Debug|Win32
		{7326483E-1654-4BC0-92D7-497B499BE022}.Debug|x86.Build.0 = Debug|Win32
		{7326483E-1654-4BC0-92D7-497B499BE022}.Release|x64.ActiveCfg = Release|x64
		{7326483E-1654-4BC0-92D7-497B499BE022}.Release|x64.Build.0 = Release|x64
		{7326483E-1654-4BC0-92D7-497B499BE022}.Release|x86.ActiveCfg = Release|Win32
		{7326483E-1654-4BC0-92D7-497B499BE022}.Release|x86.Build.0 = Release|Win32
	EndGlobalSection
	GlobalSection(SolutionProperties) = preSolution
		HideSolutionNode = FALSE
	EndGlobalSection
	GlobalSection(ExtensibilityGlobals) = postSolution
		SolutionGuid = {5F8E1EDB-3468-498C-B524-03A725835C03}
	EndGlobalSection
EndGlobal
