
Microsoft Visual Studio Solution File, Format Version 12.00
# Visual Studio 15
VisualStudioVersion = 15.0.28010.2046
MinimumVisualStudioVersion = 10.0.40219.1
Project("{8BC9CEB8-8B4A-11D0-8D11-00A0C91BC942}") = "54. Spiral Matrix", "54. Spiral Matrix\54. Spiral Matrix.vcxproj", "{7B5730C9-9D96-4DAB-BF3D-05ECE18F63CC}"
EndProject
Global
	GlobalSection(SolutionConfigurationPlatforms) = preSolution
		Debug|x64 = Debug|x64
		Debug|x86 = Debug|x86
		Release|x64 = Release|x64
		Release|x86 = Release|x86
	EndGlobalSection
	GlobalSection(ProjectConfigurationPlatforms) = postSolution
		{7B5730C9-9D96-4DAB-BF3D-05ECE18F63CC}.Debug|x64.ActiveCfg = Debug|x64
		{7B5730C9-9D96-4DAB-BF3D-05ECE18F63CC}.Debug|x64.Build.0 = Debug|x64
		{7B5730C9-9D96-4DAB-BF3D-05ECE18F63CC}.Debug|x86.ActiveCfg = Debug|Win32
		{7B5730C9-9D96-4DAB-BF3D-05ECE18F63CC}.Debug|x86.Build.0 = Debug|Win32
		{7B5730C9-9D96-4DAB-BF3D-05ECE18F63CC}.Release|x64.ActiveCfg = Release|x64
		{7B5730C9-9D96-4DAB-BF3D-05ECE18F63CC}.Release|x64.Build.0 = Release|x64
		{7B5730C9-9D96-4DAB-BF3D-05ECE18F63CC}.Release|x86.ActiveCfg = Release|Win32
		{7B5730C9-9D96-4DAB-BF3D-05ECE18F63CC}.Release|x86.Build.0 = Release|Win32
	EndGlobalSection
	GlobalSection(SolutionProperties) = preSolution
		HideSolutionNode = FALSE
	EndGlobalSection
	GlobalSection(ExtensibilityGlobals) = postSolution
		SolutionGuid = {20515A95-AC01-4A25-A063-2C3D6BF6C02C}
	EndGlobalSection
EndGlobal
