
Microsoft Visual Studio Solution File, Format Version 12.00
# Visual Studio 15
VisualStudioVersion = 15.0.28010.2046
MinimumVisualStudioVersion = 10.0.40219.1
Project("{8BC9CEB8-8B4A-11D0-8D11-00A0C91BC942}") = "62. Unique Paths", "62. Unique Paths\62. Unique Paths.vcxproj", "{6500E80A-7B55-4983-95C5-A93C4C449076}"
EndProject
Global
	GlobalSection(SolutionConfigurationPlatforms) = preSolution
		Debug|x64 = Debug|x64
		Debug|x86 = Debug|x86
		Release|x64 = Release|x64
		Release|x86 = Release|x86
	EndGlobalSection
	GlobalSection(ProjectConfigurationPlatforms) = postSolution
		{6500E80A-7B55-4983-95C5-A93C4C449076}.Debug|x64.ActiveCfg = Debug|x64
		{6500E80A-7B55-4983-95C5-A93C4C449076}.Debug|x64.Build.0 = Debug|x64
		{6500E80A-7B55-4983-95C5-A93C4C449076}.Debug|x86.ActiveCfg = Debug|Win32
		{6500E80A-7B55-4983-95C5-A93C4C449076}.Debug|x86.Build.0 = Debug|Win32
		{6500E80A-7B55-4983-95C5-A93C4C449076}.Release|x64.ActiveCfg = Release|x64
		{6500E80A-7B55-4983-95C5-A93C4C449076}.Release|x64.Build.0 = Release|x64
		{6500E80A-7B55-4983-95C5-A93C4C449076}.Release|x86.ActiveCfg = Release|Win32
		{6500E80A-7B55-4983-95C5-A93C4C449076}.Release|x86.Build.0 = Release|Win32
	EndGlobalSection
	GlobalSection(SolutionProperties) = preSolution
		HideSolutionNode = FALSE
	EndGlobalSection
	GlobalSection(ExtensibilityGlobals) = postSolution
		SolutionGuid = {C3B8D88F-8DF2-4C47-94F5-11C11F0109B3}
	EndGlobalSection
EndGlobal
