
Microsoft Visual Studio Solution File, Format Version 12.00
# Visual Studio 15
VisualStudioVersion = 15.0.28010.2046
MinimumVisualStudioVersion = 10.0.40219.1
Project("{8BC9CEB8-8B4A-11D0-8D11-00A0C91BC942}") = "60. Permutation Sequence", "60. Permutation Sequence\60. Permutation Sequence.vcxproj", "{AE16368E-2932-4A97-93B6-05E617E9B6F8}"
EndProject
Global
	GlobalSection(SolutionConfigurationPlatforms) = preSolution
		Debug|x64 = Debug|x64
		Debug|x86 = Debug|x86
		Release|x64 = Release|x64
		Release|x86 = Release|x86
	EndGlobalSection
	GlobalSection(ProjectConfigurationPlatforms) = postSolution
		{AE16368E-2932-4A97-93B6-05E617E9B6F8}.Debug|x64.ActiveCfg = Debug|x64
		{AE16368E-2932-4A97-93B6-05E617E9B6F8}.Debug|x64.Build.0 = Debug|x64
		{AE16368E-2932-4A97-93B6-05E617E9B6F8}.Debug|x86.ActiveCfg = Debug|Win32
		{AE16368E-2932-4A97-93B6-05E617E9B6F8}.Debug|x86.Build.0 = Debug|Win32
		{AE16368E-2932-4A97-93B6-05E617E9B6F8}.Release|x64.ActiveCfg = Release|x64
		{AE16368E-2932-4A97-93B6-05E617E9B6F8}.Release|x64.Build.0 = Release|x64
		{AE16368E-2932-4A97-93B6-05E617E9B6F8}.Release|x86.ActiveCfg = Release|Win32
		{AE16368E-2932-4A97-93B6-05E617E9B6F8}.Release|x86.Build.0 = Release|Win32
	EndGlobalSection
	GlobalSection(SolutionProperties) = preSolution
		HideSolutionNode = FALSE
	EndGlobalSection
	GlobalSection(ExtensibilityGlobals) = postSolution
		SolutionGuid = {8A0D6CA2-8169-438E-8EA9-52AEF7582A4B}
	EndGlobalSection
EndGlobal
