
Microsoft Visual Studio Solution File, Format Version 12.00
# Visual Studio 15
VisualStudioVersion = 15.0.28010.2046
MinimumVisualStudioVersion = 10.0.40219.1
Project("{8BC9CEB8-8B4A-11D0-8D11-00A0C91BC942}") = "51. N-Queens", "51. N-Queens\51. N-Queens.vcxproj", "{DD74EEEF-8D46-419B-9B53-C3E3F3ABD514}"
EndProject
Global
	GlobalSection(SolutionConfigurationPlatforms) = preSolution
		Debug|x64 = Debug|x64
		Debug|x86 = Debug|x86
		Release|x64 = Release|x64
		Release|x86 = Release|x86
	EndGlobalSection
	GlobalSection(ProjectConfigurationPlatforms) = postSolution
		{DD74EEEF-8D46-419B-9B53-C3E3F3ABD514}.Debug|x64.ActiveCfg = Debug|x64
		{DD74EEEF-8D46-419B-9B53-C3E3F3ABD514}.Debug|x64.Build.0 = Debug|x64
		{DD74EEEF-8D46-419B-9B53-C3E3F3ABD514}.Debug|x86.ActiveCfg = Debug|Win32
		{DD74EEEF-8D46-419B-9B53-C3E3F3ABD514}.Debug|x86.Build.0 = Debug|Win32
		{DD74EEEF-8D46-419B-9B53-C3E3F3ABD514}.Release|x64.ActiveCfg = Release|x64
		{DD74EEEF-8D46-419B-9B53-C3E3F3ABD514}.Release|x64.Build.0 = Release|x64
		{DD74EEEF-8D46-419B-9B53-C3E3F3ABD514}.Release|x86.ActiveCfg = Release|Win32
		{DD74EEEF-8D46-419B-9B53-C3E3F3ABD514}.Release|x86.Build.0 = Release|Win32
	EndGlobalSection
	GlobalSection(SolutionProperties) = preSolution
		HideSolutionNode = FALSE
	EndGlobalSection
	GlobalSection(ExtensibilityGlobals) = postSolution
		SolutionGuid = {BEF6A74C-ACCC-4D6D-8A56-8F7F7E99679D}
	EndGlobalSection
EndGlobal
