
Microsoft Visual Studio Solution File, Format Version 12.00
# Visual Studio 15
VisualStudioVersion = 15.0.28010.2046
MinimumVisualStudioVersion = 10.0.40219.1
Project("{8BC9CEB8-8B4A-11D0-8D11-00A0C91BC942}") = "15. 3Sum", "15. 3Sum\15. 3Sum.vcxproj", "{B7B9ECDB-75CA-4336-BB94-A678E13FF0C9}"
EndProject
Global
	GlobalSection(SolutionConfigurationPlatforms) = preSolution
		Debug|x64 = Debug|x64
		Debug|x86 = Debug|x86
		Release|x64 = Release|x64
		Release|x86 = Release|x86
	EndGlobalSection
	GlobalSection(ProjectConfigurationPlatforms) = postSolution
		{B7B9ECDB-75CA-4336-BB94-A678E13FF0C9}.Debug|x64.ActiveCfg = Debug|x64
		{B7B9ECDB-75CA-4336-BB94-A678E13FF0C9}.Debug|x64.Build.0 = Debug|x64
		{B7B9ECDB-75CA-4336-BB94-A678E13FF0C9}.Debug|x86.ActiveCfg = Debug|Win32
		{B7B9ECDB-75CA-4336-BB94-A678E13FF0C9}.Debug|x86.Build.0 = Debug|Win32
		{B7B9ECDB-75CA-4336-BB94-A678E13FF0C9}.Release|x64.ActiveCfg = Release|x64
		{B7B9ECDB-75CA-4336-BB94-A678E13FF0C9}.Release|x64.Build.0 = Release|x64
		{B7B9ECDB-75CA-4336-BB94-A678E13FF0C9}.Release|x86.ActiveCfg = Release|Win32
		{B7B9ECDB-75CA-4336-BB94-A678E13FF0C9}.Release|x86.Build.0 = Release|Win32
	EndGlobalSection
	GlobalSection(SolutionProperties) = preSolution
		HideSolutionNode = FALSE
	EndGlobalSection
	GlobalSection(ExtensibilityGlobals) = postSolution
		SolutionGuid = {CA4FDD52-08E4-4DA6-88CC-CD26C3F05BE3}
	EndGlobalSection
EndGlobal
